
Microsoft Visual Studio Solution File, Format Version 12.00
# Visual Studio Version 16
VisualStudioVersion = 16.0.30517.126
MinimumVisualStudioVersion = 10.0.40219.1
Project("{FAE04EC0-301F-11D3-BF4B-00C04F79EFBC}") = "Lab4", "Lab4.csproj", "{8EB6049A-27B9-4D18-ABE7-7459D9D31858}"
EndProject
Global
	GlobalSection(SolutionConfigurationPlatforms) = preSolution
		Debug|Any CPU = Debug|Any CPU
		Release|Any CPU = Release|Any CPU
	EndGlobalSection
	GlobalSection(ProjectConfigurationPlatforms) = postSolution
		{8EB6049A-27B9-4D18-ABE7-7459D9D31858}.Debug|Any CPU.ActiveCfg = Debug|Any CPU
		{8EB6049A-27B9-4D18-ABE7-7459D9D31858}.Debug|Any CPU.Build.0 = Debug|Any CPU
		{8EB6049A-27B9-4D18-ABE7-7459D9D31858}.Release|Any CPU.ActiveCfg = Release|Any CPU
		{8EB6049A-27B9-4D18-ABE7-7459D9D31858}.Release|Any CPU.Build.0 = Release|Any CPU
	EndGlobalSection
	GlobalSection(SolutionProperties) = preSolution
		HideSolutionNode = FALSE
	EndGlobalSection
	GlobalSection(ExtensibilityGlobals) = postSolution
		SolutionGuid = {465004AC-062D-4028-82DE-AE22E3EF7A13}
	EndGlobalSection
EndGlobal
